// !$*UTF8*$!
{
	archiveVersion = 1;
	classes = {
	};
	objectVersion = 56;
	objects = {

/* Begin PBXBuildFile section */
		D017F4B32CA9EC8900C71D18 /* AssetDetailView.swift in Sources */ = {isa = PBXBuildFile; fileRef = D017F4B22CA9EC8900C71D18 /* AssetDetailView.swift */; };
		D017F4B52CAA46ED00C71D18 /* HistoryDetailView.swift in Sources */ = {isa = PBXBuildFile; fileRef = D017F4B42CAA46ED00C71D18 /* HistoryDetailView.swift */; };
		D017F4BD2CAB6E2100C71D18 /* GlobalVariables.swift in Sources */ = {isa = PBXBuildFile; fileRef = D017F4BC2CAB6E2100C71D18 /* GlobalVariables.swift */; };
		D017F4BF2CAC81DD00C71D18 /* WithdrawConfirmationView.swift in Sources */ = {isa = PBXBuildFile; fileRef = D017F4BE2CAC81DD00C71D18 /* WithdrawConfirmationView.swift */; };
		D017F4C12CAC829500C71D18 /* MultilineTextField.swift in Sources */ = {isa = PBXBuildFile; fileRef = D017F4C02CAC829500C71D18 /* MultilineTextField.swift */; };
		D017F4C52CACD07800C71D18 /* TRC20TransactionManager.swift in Sources */ = {isa = PBXBuildFile; fileRef = D017F4C42CACD07800C71D18 /* TRC20TransactionManager.swift */; };
		D017F4C72CACD27F00C71D18 /* Base58.swift in Sources */ = {isa = PBXBuildFile; fileRef = D017F4C62CACD27F00C71D18 /* Base58.swift */; };
		D0445B522C6ED0150059D522 /* GSG_WalletApp.swift in Sources */ = {isa = PBXBuildFile; fileRef = D0445B512C6ED0150059D522 /* GSG_WalletApp.swift */; };
		D0445B542C6ED0150059D522 /* ContentView.swift in Sources */ = {isa = PBXBuildFile; fileRef = D0445B532C6ED0150059D522 /* ContentView.swift */; };
		D0445B562C6ED0170059D522 /* Assets.xcassets in Resources */ = {isa = PBXBuildFile; fileRef = D0445B552C6ED0170059D522 /* Assets.xcassets */; };
		D0445B592C6ED0170059D522 /* Preview Assets.xcassets in Resources */ = {isa = PBXBuildFile; fileRef = D0445B582C6ED0170059D522 /* Preview Assets.xcassets */; };
		D0445B632C6ED0170059D522 /* GSG_WalletTests.swift in Sources */ = {isa = PBXBuildFile; fileRef = D0445B622C6ED0170059D522 /* GSG_WalletTests.swift */; };
		D0445B6D2C6ED0170059D522 /* GSG_WalletUITests.swift in Sources */ = {isa = PBXBuildFile; fileRef = D0445B6C2C6ED0170059D522 /* GSG_WalletUITests.swift */; };
		D0445B6F2C6ED0170059D522 /* GSG_WalletUITestsLaunchTests.swift in Sources */ = {isa = PBXBuildFile; fileRef = D0445B6E2C6ED0170059D522 /* GSG_WalletUITestsLaunchTests.swift */; };
		D0445B7C2C6ED1190059D522 /* HomeView.swift in Sources */ = {isa = PBXBuildFile; fileRef = D0445B7B2C6ED1190059D522 /* HomeView.swift */; };
		D0445B7E2C6ED1640059D522 /* RechargeView.swift in Sources */ = {isa = PBXBuildFile; fileRef = D0445B7D2C6ED1640059D522 /* RechargeView.swift */; };
		D0445B802C6ED1920059D522 /* CardView.swift in Sources */ = {isa = PBXBuildFile; fileRef = D0445B7F2C6ED1920059D522 /* CardView.swift */; };
		D0445B822C6ED24E0059D522 /* WithdrawView.swift in Sources */ = {isa = PBXBuildFile; fileRef = D0445B812C6ED24E0059D522 /* WithdrawView.swift */; };
		D0445B842C6ED27A0059D522 /* AccountView.swift in Sources */ = {isa = PBXBuildFile; fileRef = D0445B832C6ED27A0059D522 /* AccountView.swift */; };
		D0445B862C6ED2AF0059D522 /* AccountSecurityView.swift in Sources */ = {isa = PBXBuildFile; fileRef = D0445B852C6ED2AF0059D522 /* AccountSecurityView.swift */; };
		D0445B882C6ED2DF0059D522 /* IdentityVerificationView.swift in Sources */ = {isa = PBXBuildFile; fileRef = D0445B872C6ED2DF0059D522 /* IdentityVerificationView.swift */; };
		D0445B8A2C6ED30F0059D522 /* AddressBookView.swift in Sources */ = {isa = PBXBuildFile; fileRef = D0445B892C6ED30F0059D522 /* AddressBookView.swift */; };
		D0445B8C2C6ED3310059D522 /* AddAddressView.swift in Sources */ = {isa = PBXBuildFile; fileRef = D0445B8B2C6ED3310059D522 /* AddAddressView.swift */; };
		D0445B8E2C6ED3650059D522 /* ServiceFeesView.swift in Sources */ = {isa = PBXBuildFile; fileRef = D0445B8D2C6ED3650059D522 /* ServiceFeesView.swift */; };
		D0445B902C6ED38C0059D522 /* InviteFriendsView.swift in Sources */ = {isa = PBXBuildFile; fileRef = D0445B8F2C6ED38C0059D522 /* InviteFriendsView.swift */; };
		D0445B922C6ED3C20059D522 /* MessageCenterView.swift in Sources */ = {isa = PBXBuildFile; fileRef = D0445B912C6ED3C20059D522 /* MessageCenterView.swift */; };
		D0445B942C6ED3FF0059D522 /* GlobalTransferView.swift in Sources */ = {isa = PBXBuildFile; fileRef = D0445B932C6ED3FF0059D522 /* GlobalTransferView.swift */; };
		D0445B962C6ED68D0059D522 /* CountrySelectionView.swift in Sources */ = {isa = PBXBuildFile; fileRef = D0445B952C6ED68D0059D522 /* CountrySelectionView.swift */; };
		D0445B9A2C6ED6D60059D522 /* CurrencyListView.swift in Sources */ = {isa = PBXBuildFile; fileRef = D0445B992C6ED6D60059D522 /* CurrencyListView.swift */; };
		D0445B9C2C6ED7070059D522 /* SSLPinner.swift in Sources */ = {isa = PBXBuildFile; fileRef = D0445B9B2C6ED7070059D522 /* SSLPinner.swift */; };
		D0445BA02C6ED7630059D522 /* LoginView.swift in Sources */ = {isa = PBXBuildFile; fileRef = D0445B9F2C6ED7630059D522 /* LoginView.swift */; };
		D0445BA22C6ED7880059D522 /* QRCodeScannerView.swift in Sources */ = {isa = PBXBuildFile; fileRef = D0445BA12C6ED7880059D522 /* QRCodeScannerView.swift */; };
		D0445BA42C6ED7D40059D522 /* TransferInView.swift in Sources */ = {isa = PBXBuildFile; fileRef = D0445BA32C6ED7D40059D522 /* TransferInView.swift */; };
		D0445BA62C6ED8300059D522 /* CardBindingView.swift in Sources */ = {isa = PBXBuildFile; fileRef = D0445BA52C6ED8300059D522 /* CardBindingView.swift */; };
		D0445BA82C6ED86B0059D522 /* ExchangeView.swift in Sources */ = {isa = PBXBuildFile; fileRef = D0445BA72C6ED86B0059D522 /* ExchangeView.swift */; };
		D0445BAA2C6ED8D10059D522 /* WalletModels.swift in Sources */ = {isa = PBXBuildFile; fileRef = D0445BA92C6ED8D10059D522 /* WalletModels.swift */; };
		D0445BAD2C6F084E0059D522 /* RegisterView.swift in Sources */ = {isa = PBXBuildFile; fileRef = D0445BAC2C6F084E0059D522 /* RegisterView.swift */; };
		D0445C8D2C7A64330059D522 /* AboutView.swift in Sources */ = {isa = PBXBuildFile; fileRef = D0445C8C2C7A64320059D522 /* AboutView.swift */; };
		D0445C8F2C7AC5920059D522 /* HelpView.swift in Sources */ = {isa = PBXBuildFile; fileRef = D0445C8E2C7AC5920059D522 /* HelpView.swift */; };
		D0445C912C7AF5B70059D522 /* ForgotPasswordView.swift in Sources */ = {isa = PBXBuildFile; fileRef = D0445C902C7AF5B70059D522 /* ForgotPasswordView.swift */; };
		D0445C932C7B20700059D522 /* SecurityVerificationView.swift in Sources */ = {isa = PBXBuildFile; fileRef = D0445C922C7B20700059D522 /* SecurityVerificationView.swift */; };
		D0445C952C7B27930059D522 /* VerificationView.swift in Sources */ = {isa = PBXBuildFile; fileRef = D0445C942C7B27930059D522 /* VerificationView.swift */; };
		D0445C992C7B46460059D522 /* String+Localizable.swift in Sources */ = {isa = PBXBuildFile; fileRef = D0445C982C7B46460059D522 /* String+Localizable.swift */; };
		D0445C9B2C7B485A0059D522 /* UserInfoView.swift in Sources */ = {isa = PBXBuildFile; fileRef = D0445C9A2C7B48590059D522 /* UserInfoView.swift */; };
		D0445CB92C7B5BD40059D522 /* Localizable.strings in Resources */ = {isa = PBXBuildFile; fileRef = D0445CB72C7B5BD40059D522 /* Localizable.strings */; };
		D055E9942C91362400A97DD1 /* EtherscanResponse.swift in Sources */ = {isa = PBXBuildFile; fileRef = D055E9932C91362400A97DD1 /* EtherscanResponse.swift */; };
		D055E9972C914A1700A97DD1 /* Web3 in Frameworks */ = {isa = PBXBuildFile; productRef = D055E9962C914A1700A97DD1 /* Web3 */; };
		D055E9992C914A1700A97DD1 /* Web3ContractABI in Frameworks */ = {isa = PBXBuildFile; productRef = D055E9982C914A1700A97DD1 /* Web3ContractABI */; };
		D055E99B2C914A1700A97DD1 /* Web3PromiseKit in Frameworks */ = {isa = PBXBuildFile; productRef = D055E99A2C914A1700A97DD1 /* Web3PromiseKit */; };
		D0DDDB602CA8E0C700A78A87 /* PersonalInformationView.swift in Sources */ = {isa = PBXBuildFile; fileRef = D0DDDB5F2CA8E0C700A78A87 /* PersonalInformationView.swift */; };
/* End PBXBuildFile section */

/* Begin PBXContainerItemProxy section */
		D0445B5F2C6ED0170059D522 /* PBXContainerItemProxy */ = {
			isa = PBXContainerItemProxy;
			containerPortal = D0445B462C6ED0150059D522 /* Project object */;
			proxyType = 1;
			remoteGlobalIDString = D0445B4D2C6ED0150059D522;
			remoteInfo = "GSG Wallet";
		};
		D0445B692C6ED0170059D522 /* PBXContainerItemProxy */ = {
			isa = PBXContainerItemProxy;
			containerPortal = D0445B462C6ED0150059D522 /* Project object */;
			proxyType = 1;
			remoteGlobalIDString = D0445B4D2C6ED0150059D522;
			remoteInfo = "GSG Wallet";
		};
/* End PBXContainerItemProxy section */

/* Begin PBXFileReference section */
		D017F4B22CA9EC8900C71D18 /* AssetDetailView.swift */ = {isa = PBXFileReference; lastKnownFileType = sourcecode.swift; path = AssetDetailView.swift; sourceTree = "<group>"; };
		D017F4B42CAA46ED00C71D18 /* HistoryDetailView.swift */ = {isa = PBXFileReference; lastKnownFileType = sourcecode.swift; path = HistoryDetailView.swift; sourceTree = "<group>"; };
		D017F4BC2CAB6E2100C71D18 /* GlobalVariables.swift */ = {isa = PBXFileReference; lastKnownFileType = sourcecode.swift; path = GlobalVariables.swift; sourceTree = "<group>"; };
		D017F4BE2CAC81DD00C71D18 /* WithdrawConfirmationView.swift */ = {isa = PBXFileReference; lastKnownFileType = sourcecode.swift; path = WithdrawConfirmationView.swift; sourceTree = "<group>"; };
		D017F4C02CAC829500C71D18 /* MultilineTextField.swift */ = {isa = PBXFileReference; lastKnownFileType = sourcecode.swift; path = MultilineTextField.swift; sourceTree = "<group>"; };
		D017F4C42CACD07800C71D18 /* TRC20TransactionManager.swift */ = {isa = PBXFileReference; lastKnownFileType = sourcecode.swift; path = TRC20TransactionManager.swift; sourceTree = "<group>"; };
		D017F4C62CACD27F00C71D18 /* Base58.swift */ = {isa = PBXFileReference; lastKnownFileType = sourcecode.swift; path = Base58.swift; sourceTree = "<group>"; };
		D0445B4E2C6ED0150059D522 /* GSG Wallet.app */ = {isa = PBXFileReference; explicitFileType = wrapper.application; includeInIndex = 0; path = "GSG Wallet.app"; sourceTree = BUILT_PRODUCTS_DIR; };
		D0445B512C6ED0150059D522 /* GSG_WalletApp.swift */ = {isa = PBXFileReference; lastKnownFileType = sourcecode.swift; path = GSG_WalletApp.swift; sourceTree = "<group>"; };
		D0445B532C6ED0150059D522 /* ContentView.swift */ = {isa = PBXFileReference; lastKnownFileType = sourcecode.swift; path = ContentView.swift; sourceTree = "<group>"; };
		D0445B552C6ED0170059D522 /* Assets.xcassets */ = {isa = PBXFileReference; lastKnownFileType = folder.assetcatalog; path = Assets.xcassets; sourceTree = "<group>"; };
		D0445B582C6ED0170059D522 /* Preview Assets.xcassets */ = {isa = PBXFileReference; lastKnownFileType = folder.assetcatalog; path = "Preview Assets.xcassets"; sourceTree = "<group>"; };
		D0445B5E2C6ED0170059D522 /* GSG WalletTests.xctest */ = {isa = PBXFileReference; explicitFileType = wrapper.cfbundle; includeInIndex = 0; path = "GSG WalletTests.xctest"; sourceTree = BUILT_PRODUCTS_DIR; };
		D0445B622C6ED0170059D522 /* GSG_WalletTests.swift */ = {isa = PBXFileReference; lastKnownFileType = sourcecode.swift; path = GSG_WalletTests.swift; sourceTree = "<group>"; };
		D0445B682C6ED0170059D522 /* GSG WalletUITests.xctest */ = {isa = PBXFileReference; explicitFileType = wrapper.cfbundle; includeInIndex = 0; path = "GSG WalletUITests.xctest"; sourceTree = BUILT_PRODUCTS_DIR; };
		D0445B6C2C6ED0170059D522 /* GSG_WalletUITests.swift */ = {isa = PBXFileReference; lastKnownFileType = sourcecode.swift; path = GSG_WalletUITests.swift; sourceTree = "<group>"; };
		D0445B6E2C6ED0170059D522 /* GSG_WalletUITestsLaunchTests.swift */ = {isa = PBXFileReference; lastKnownFileType = sourcecode.swift; path = GSG_WalletUITestsLaunchTests.swift; sourceTree = "<group>"; };
		D0445B7B2C6ED1190059D522 /* HomeView.swift */ = {isa = PBXFileReference; lastKnownFileType = sourcecode.swift; path = HomeView.swift; sourceTree = "<group>"; };
		D0445B7D2C6ED1640059D522 /* RechargeView.swift */ = {isa = PBXFileReference; lastKnownFileType = sourcecode.swift; path = RechargeView.swift; sourceTree = "<group>"; };
		D0445B7F2C6ED1920059D522 /* CardView.swift */ = {isa = PBXFileReference; lastKnownFileType = sourcecode.swift; path = CardView.swift; sourceTree = "<group>"; };
		D0445B812C6ED24E0059D522 /* WithdrawView.swift */ = {isa = PBXFileReference; lastKnownFileType = sourcecode.swift; path = WithdrawView.swift; sourceTree = "<group>"; };
		D0445B832C6ED27A0059D522 /* AccountView.swift */ = {isa = PBXFileReference; lastKnownFileType = sourcecode.swift; path = AccountView.swift; sourceTree = "<group>"; usesTabs = 0; };
		D0445B852C6ED2AF0059D522 /* AccountSecurityView.swift */ = {isa = PBXFileReference; lastKnownFileType = sourcecode.swift; path = AccountSecurityView.swift; sourceTree = "<group>"; };
		D0445B872C6ED2DF0059D522 /* IdentityVerificationView.swift */ = {isa = PBXFileReference; lastKnownFileType = sourcecode.swift; path = IdentityVerificationView.swift; sourceTree = "<group>"; };
		D0445B892C6ED30F0059D522 /* AddressBookView.swift */ = {isa = PBXFileReference; lastKnownFileType = sourcecode.swift; path = AddressBookView.swift; sourceTree = "<group>"; };
		D0445B8B2C6ED3310059D522 /* AddAddressView.swift */ = {isa = PBXFileReference; lastKnownFileType = sourcecode.swift; path = AddAddressView.swift; sourceTree = "<group>"; };
		D0445B8D2C6ED3650059D522 /* ServiceFeesView.swift */ = {isa = PBXFileReference; lastKnownFileType = sourcecode.swift; path = ServiceFeesView.swift; sourceTree = "<group>"; };
		D0445B8F2C6ED38C0059D522 /* InviteFriendsView.swift */ = {isa = PBXFileReference; lastKnownFileType = sourcecode.swift; path = InviteFriendsView.swift; sourceTree = "<group>"; };
		D0445B912C6ED3C20059D522 /* MessageCenterView.swift */ = {isa = PBXFileReference; lastKnownFileType = sourcecode.swift; path = MessageCenterView.swift; sourceTree = "<group>"; };
		D0445B932C6ED3FF0059D522 /* GlobalTransferView.swift */ = {isa = PBXFileReference; lastKnownFileType = sourcecode.swift; path = GlobalTransferView.swift; sourceTree = "<group>"; };
		D0445B952C6ED68D0059D522 /* CountrySelectionView.swift */ = {isa = PBXFileReference; lastKnownFileType = sourcecode.swift; path = CountrySelectionView.swift; sourceTree = "<group>"; };
		D0445B992C6ED6D60059D522 /* CurrencyListView.swift */ = {isa = PBXFileReference; lastKnownFileType = sourcecode.swift; path = CurrencyListView.swift; sourceTree = "<group>"; };
		D0445B9B2C6ED7070059D522 /* SSLPinner.swift */ = {isa = PBXFileReference; lastKnownFileType = sourcecode.swift; path = SSLPinner.swift; sourceTree = "<group>"; };
		D0445B9F2C6ED7630059D522 /* LoginView.swift */ = {isa = PBXFileReference; lastKnownFileType = sourcecode.swift; path = LoginView.swift; sourceTree = "<group>"; };
		D0445BA12C6ED7880059D522 /* QRCodeScannerView.swift */ = {isa = PBXFileReference; lastKnownFileType = sourcecode.swift; path = QRCodeScannerView.swift; sourceTree = "<group>"; };
		D0445BA32C6ED7D40059D522 /* TransferInView.swift */ = {isa = PBXFileReference; lastKnownFileType = sourcecode.swift; path = TransferInView.swift; sourceTree = "<group>"; };
		D0445BA52C6ED8300059D522 /* CardBindingView.swift */ = {isa = PBXFileReference; lastKnownFileType = sourcecode.swift; path = CardBindingView.swift; sourceTree = "<group>"; };
		D0445BA72C6ED86B0059D522 /* ExchangeView.swift */ = {isa = PBXFileReference; lastKnownFileType = sourcecode.swift; path = ExchangeView.swift; sourceTree = "<group>"; };
		D0445BA92C6ED8D10059D522 /* WalletModels.swift */ = {isa = PBXFileReference; lastKnownFileType = sourcecode.swift; path = WalletModels.swift; sourceTree = "<group>"; };
		D0445BAB2C6ED9370059D522 /* GSG-Wallet-Info.plist */ = {isa = PBXFileReference; lastKnownFileType = text.plist; path = "GSG-Wallet-Info.plist"; sourceTree = SOURCE_ROOT; };
		D0445BAC2C6F084E0059D522 /* RegisterView.swift */ = {isa = PBXFileReference; lastKnownFileType = sourcecode.swift; path = RegisterView.swift; sourceTree = "<group>"; };
		D0445C8C2C7A64320059D522 /* AboutView.swift */ = {isa = PBXFileReference; lastKnownFileType = sourcecode.swift; path = AboutView.swift; sourceTree = "<group>"; };
		D0445C8E2C7AC5920059D522 /* HelpView.swift */ = {isa = PBXFileReference; lastKnownFileType = sourcecode.swift; path = HelpView.swift; sourceTree = "<group>"; };
		D0445C902C7AF5B70059D522 /* ForgotPasswordView.swift */ = {isa = PBXFileReference; lastKnownFileType = sourcecode.swift; path = ForgotPasswordView.swift; sourceTree = "<group>"; };
		D0445C922C7B20700059D522 /* SecurityVerificationView.swift */ = {isa = PBXFileReference; lastKnownFileType = sourcecode.swift; path = SecurityVerificationView.swift; sourceTree = "<group>"; };
		D0445C942C7B27930059D522 /* VerificationView.swift */ = {isa = PBXFileReference; lastKnownFileType = sourcecode.swift; path = VerificationView.swift; sourceTree = "<group>"; };
		D0445C982C7B46460059D522 /* String+Localizable.swift */ = {isa = PBXFileReference; lastKnownFileType = sourcecode.swift; path = "String+Localizable.swift"; sourceTree = "<group>"; };
		D0445C9A2C7B48590059D522 /* UserInfoView.swift */ = {isa = PBXFileReference; lastKnownFileType = sourcecode.swift; path = UserInfoView.swift; sourceTree = "<group>"; };
		D0445CB82C7B5BD40059D522 /* zh-Hant */ = {isa = PBXFileReference; lastKnownFileType = text.plist.strings; name = "zh-Hant"; path = "zh-Hant.lproj/Localizable.strings"; sourceTree = "<group>"; };
		D0445CBA2C7B5BE90059D522 /* en */ = {isa = PBXFileReference; lastKnownFileType = text.plist.strings; name = en; path = en.lproj/Localizable.strings; sourceTree = "<group>"; };
		D055E9932C91362400A97DD1 /* EtherscanResponse.swift */ = {isa = PBXFileReference; lastKnownFileType = sourcecode.swift; path = EtherscanResponse.swift; sourceTree = "<group>"; };
		D0DDDB5F2CA8E0C700A78A87 /* PersonalInformationView.swift */ = {isa = PBXFileReference; lastKnownFileType = sourcecode.swift; path = PersonalInformationView.swift; sourceTree = "<group>"; };
/* End PBXFileReference section */

/* Begin PBXFrameworksBuildPhase section */
		D0445B4B2C6ED0150059D522 /* Frameworks */ = {
			isa = PBXFrameworksBuildPhase;
			buildActionMask = 2147483647;
			files = (
				D055E9992C914A1700A97DD1 /* Web3ContractABI in Frameworks */,
				D055E99B2C914A1700A97DD1 /* Web3PromiseKit in Frameworks */,
				D055E9972C914A1700A97DD1 /* Web3 in Frameworks */,
			);
			runOnlyForDeploymentPostprocessing = 0;
		};
		D0445B5B2C6ED0170059D522 /* Frameworks */ = {
			isa = PBXFrameworksBuildPhase;
			buildActionMask = 2147483647;
			files = (
			);
			runOnlyForDeploymentPostprocessing = 0;
		};
		D0445B652C6ED0170059D522 /* Frameworks */ = {
			isa = PBXFrameworksBuildPhase;
			buildActionMask = 2147483647;
			files = (
			);
			runOnlyForDeploymentPostprocessing = 0;
		};
/* End PBXFrameworksBuildPhase section */

/* Begin PBXGroup section */
		D0445B452C6ED0150059D522 = {
			isa = PBXGroup;
			children = (
				D0445CB72C7B5BD40059D522 /* Localizable.strings */,
				D0445B502C6ED0150059D522 /* GSG Wallet */,
				D0445B612C6ED0170059D522 /* GSG WalletTests */,
				D0445B6B2C6ED0170059D522 /* GSG WalletUITests */,
				D0445B4F2C6ED0150059D522 /* Products */,
			);
			sourceTree = "<group>";
		};
		D0445B4F2C6ED0150059D522 /* Products */ = {
			isa = PBXGroup;
			children = (
				D0445B4E2C6ED0150059D522 /* GSG Wallet.app */,
				D0445B5E2C6ED0170059D522 /* GSG WalletTests.xctest */,
				D0445B682C6ED0170059D522 /* GSG WalletUITests.xctest */,
			);
			name = Products;
			sourceTree = "<group>";
		};
		D0445B502C6ED0150059D522 /* GSG Wallet */ = {
			isa = PBXGroup;
			children = (
				D0445BAB2C6ED9370059D522 /* GSG-Wallet-Info.plist */,
				D0445B512C6ED0150059D522 /* GSG_WalletApp.swift */,
				D0445B532C6ED0150059D522 /* ContentView.swift */,
				D0445B552C6ED0170059D522 /* Assets.xcassets */,
				D0445B572C6ED0170059D522 /* Preview Content */,
				D0445B7B2C6ED1190059D522 /* HomeView.swift */,
				D0445B7D2C6ED1640059D522 /* RechargeView.swift */,
				D0445B7F2C6ED1920059D522 /* CardView.swift */,
				D0445B812C6ED24E0059D522 /* WithdrawView.swift */,
				D0445B832C6ED27A0059D522 /* AccountView.swift */,
				D0445B852C6ED2AF0059D522 /* AccountSecurityView.swift */,
				D0445B872C6ED2DF0059D522 /* IdentityVerificationView.swift */,
				D0445B892C6ED30F0059D522 /* AddressBookView.swift */,
				D0445B8B2C6ED3310059D522 /* AddAddressView.swift */,
				D0445B8D2C6ED3650059D522 /* ServiceFeesView.swift */,
				D0445B8F2C6ED38C0059D522 /* InviteFriendsView.swift */,
				D0445B912C6ED3C20059D522 /* MessageCenterView.swift */,
				D0445B932C6ED3FF0059D522 /* GlobalTransferView.swift */,
				D0445B952C6ED68D0059D522 /* CountrySelectionView.swift */,
				D0445B992C6ED6D60059D522 /* CurrencyListView.swift */,
				D0445B9B2C6ED7070059D522 /* SSLPinner.swift */,
				D0445B9F2C6ED7630059D522 /* LoginView.swift */,
				D0445BA12C6ED7880059D522 /* QRCodeScannerView.swift */,
				D0445BA32C6ED7D40059D522 /* TransferInView.swift */,
				D0445BA52C6ED8300059D522 /* CardBindingView.swift */,
				D0445BA72C6ED86B0059D522 /* ExchangeView.swift */,
				D0445BA92C6ED8D10059D522 /* WalletModels.swift */,
				D0445BAC2C6F084E0059D522 /* RegisterView.swift */,
				D0445C8C2C7A64320059D522 /* AboutView.swift */,
				D0445C8E2C7AC5920059D522 /* HelpView.swift */,
				D0445C902C7AF5B70059D522 /* ForgotPasswordView.swift */,
				D0445C922C7B20700059D522 /* SecurityVerificationView.swift */,
				D0445C942C7B27930059D522 /* VerificationView.swift */,
				D0445C982C7B46460059D522 /* String+Localizable.swift */,
				D0445C9A2C7B48590059D522 /* UserInfoView.swift */,
				D055E9932C91362400A97DD1 /* EtherscanResponse.swift */,
				D0DDDB5F2CA8E0C700A78A87 /* PersonalInformationView.swift */,
				D017F4B22CA9EC8900C71D18 /* AssetDetailView.swift */,
				D017F4B42CAA46ED00C71D18 /* HistoryDetailView.swift */,
				D017F4BC2CAB6E2100C71D18 /* GlobalVariables.swift */,
				D017F4BE2CAC81DD00C71D18 /* WithdrawConfirmationView.swift */,
				D017F4C02CAC829500C71D18 /* MultilineTextField.swift */,
				D017F4C42CACD07800C71D18 /* TRC20TransactionManager.swift */,
				D017F4C62CACD27F00C71D18 /* Base58.swift */,
			);
			path = "GSG Wallet";
			sourceTree = "<group>";
		};
		D0445B572C6ED0170059D522 /* Preview Content */ = {
			isa = PBXGroup;
			children = (
				D0445B582C6ED0170059D522 /* Preview Assets.xcassets */,
			);
			path = "Preview Content";
			sourceTree = "<group>";
		};
		D0445B612C6ED0170059D522 /* GSG WalletTests */ = {
			isa = PBXGroup;
			children = (
				D0445B622C6ED0170059D522 /* GSG_WalletTests.swift */,
			);
			path = "GSG WalletTests";
			sourceTree = "<group>";
		};
		D0445B6B2C6ED0170059D522 /* GSG WalletUITests */ = {
			isa = PBXGroup;
			children = (
				D0445B6C2C6ED0170059D522 /* GSG_WalletUITests.swift */,
				D0445B6E2C6ED0170059D522 /* GSG_WalletUITestsLaunchTests.swift */,
			);
			path = "GSG WalletUITests";
			sourceTree = "<group>";
		};
/* End PBXGroup section */

/* Begin PBXNativeTarget section */
		D0445B4D2C6ED0150059D522 /* GSG Wallet */ = {
			isa = PBXNativeTarget;
			buildConfigurationList = D0445B722C6ED0170059D522 /* Build configuration list for PBXNativeTarget "GSG Wallet" */;
			buildPhases = (
				D0445B4A2C6ED0150059D522 /* Sources */,
				D0445B4B2C6ED0150059D522 /* Frameworks */,
				D0445B4C2C6ED0150059D522 /* Resources */,
			);
			buildRules = (
			);
			dependencies = (
			);
			name = "GSG Wallet";
			packageProductDependencies = (
				D055E9962C914A1700A97DD1 /* Web3 */,
				D055E9982C914A1700A97DD1 /* Web3ContractABI */,
				D055E99A2C914A1700A97DD1 /* Web3PromiseKit */,
			);
			productName = "GSG Wallet";
			productReference = D0445B4E2C6ED0150059D522 /* GSG Wallet.app */;
			productType = "com.apple.product-type.application";
		};
		D0445B5D2C6ED0170059D522 /* GSG WalletTests */ = {
			isa = PBXNativeTarget;
			buildConfigurationList = D0445B752C6ED0170059D522 /* Build configuration list for PBXNativeTarget "GSG WalletTests" */;
			buildPhases = (
				D0445B5A2C6ED0170059D522 /* Sources */,
				D0445B5B2C6ED0170059D522 /* Frameworks */,
				D0445B5C2C6ED0170059D522 /* Resources */,
			);
			buildRules = (
			);
			dependencies = (
				D0445B602C6ED0170059D522 /* PBXTargetDependency */,
			);
			name = "GSG WalletTests";
			productName = "GSG WalletTests";
			productReference = D0445B5E2C6ED0170059D522 /* GSG WalletTests.xctest */;
			productType = "com.apple.product-type.bundle.unit-test";
		};
		D0445B672C6ED0170059D522 /* GSG WalletUITests */ = {
			isa = PBXNativeTarget;
			buildConfigurationList = D0445B782C6ED0170059D522 /* Build configuration list for PBXNativeTarget "GSG WalletUITests" */;
			buildPhases = (
				D0445B642C6ED0170059D522 /* Sources */,
				D0445B652C6ED0170059D522 /* Frameworks */,
				D0445B662C6ED0170059D522 /* Resources */,
			);
			buildRules = (
			);
			dependencies = (
				D0445B6A2C6ED0170059D522 /* PBXTargetDependency */,
			);
			name = "GSG WalletUITests";
			productName = "GSG WalletUITests";
			productReference = D0445B682C6ED0170059D522 /* GSG WalletUITests.xctest */;
			productType = "com.apple.product-type.bundle.ui-testing";
		};
/* End PBXNativeTarget section */

/* Begin PBXProject section */
		D0445B462C6ED0150059D522 /* Project object */ = {
			isa = PBXProject;
			attributes = {
				BuildIndependentTargetsInParallel = 1;
				LastSwiftUpdateCheck = 1520;
				LastUpgradeCheck = 1520;
				TargetAttributes = {
					D0445B4D2C6ED0150059D522 = {
						CreatedOnToolsVersion = 15.2;
					};
					D0445B5D2C6ED0170059D522 = {
						CreatedOnToolsVersion = 15.2;
						TestTargetID = D0445B4D2C6ED0150059D522;
					};
					D0445B672C6ED0170059D522 = {
						CreatedOnToolsVersion = 15.2;
						TestTargetID = D0445B4D2C6ED0150059D522;
					};
				};
			};
			buildConfigurationList = D0445B492C6ED0150059D522 /* Build configuration list for PBXProject "GSG Wallet" */;
			compatibilityVersion = "Xcode 14.0";
			developmentRegion = en;
			hasScannedForEncodings = 0;
			knownRegions = (
				en,
				Base,
				"zh-Hant",
			);
			mainGroup = D0445B452C6ED0150059D522;
			packageReferences = (
				D055E9952C914A1700A97DD1 /* XCRemoteSwiftPackageReference "Web3" */,
			);
			productRefGroup = D0445B4F2C6ED0150059D522 /* Products */;
			projectDirPath = "";
			projectRoot = "";
			targets = (
				D0445B4D2C6ED0150059D522 /* GSG Wallet */,
				D0445B5D2C6ED0170059D522 /* GSG WalletTests */,
				D0445B672C6ED0170059D522 /* GSG WalletUITests */,
			);
		};
/* End PBXProject section */

/* Begin PBXResourcesBuildPhase section */
		D0445B4C2C6ED0150059D522 /* Resources */ = {
			isa = PBXResourcesBuildPhase;
			buildActionMask = 2147483647;
			files = (
				D0445B592C6ED0170059D522 /* Preview Assets.xcassets in Resources */,
				D0445CB92C7B5BD40059D522 /* Localizable.strings in Resources */,
				D0445B562C6ED0170059D522 /* Assets.xcassets in Resources */,
			);
			runOnlyForDeploymentPostprocessing = 0;
		};
		D0445B5C2C6ED0170059D522 /* Resources */ = {
			isa = PBXResourcesBuildPhase;
			buildActionMask = 2147483647;
			files = (
			);
			runOnlyForDeploymentPostprocessing = 0;
		};
		D0445B662C6ED0170059D522 /* Resources */ = {
			isa = PBXResourcesBuildPhase;
			buildActionMask = 2147483647;
			files = (
			);
			runOnlyForDeploymentPostprocessing = 0;
		};
/* End PBXResourcesBuildPhase section */

/* Begin PBXSourcesBuildPhase section */
		D0445B4A2C6ED0150059D522 /* Sources */ = {
			isa = PBXSourcesBuildPhase;
			buildActionMask = 2147483647;
			files = (
				D055E9942C91362400A97DD1 /* EtherscanResponse.swift in Sources */,
				D0445B882C6ED2DF0059D522 /* IdentityVerificationView.swift in Sources */,
				D0445B902C6ED38C0059D522 /* InviteFriendsView.swift in Sources */,
				D0445B7C2C6ED1190059D522 /* HomeView.swift in Sources */,
				D0445B8A2C6ED30F0059D522 /* AddressBookView.swift in Sources */,
				D0445C8D2C7A64330059D522 /* AboutView.swift in Sources */,
				D0445B8E2C6ED3650059D522 /* ServiceFeesView.swift in Sources */,
				D0445B7E2C6ED1640059D522 /* RechargeView.swift in Sources */,
				D0445B822C6ED24E0059D522 /* WithdrawView.swift in Sources */,
				D0445B922C6ED3C20059D522 /* MessageCenterView.swift in Sources */,
				D0445B542C6ED0150059D522 /* ContentView.swift in Sources */,
				D0445BA42C6ED7D40059D522 /* TransferInView.swift in Sources */,
				D0445B862C6ED2AF0059D522 /* AccountSecurityView.swift in Sources */,
				D0445BAD2C6F084E0059D522 /* RegisterView.swift in Sources */,
				D017F4C72CACD27F00C71D18 /* Base58.swift in Sources */,
				D0445B962C6ED68D0059D522 /* CountrySelectionView.swift in Sources */,
				D017F4C12CAC829500C71D18 /* MultilineTextField.swift in Sources */,
				D0DDDB602CA8E0C700A78A87 /* PersonalInformationView.swift in Sources */,
				D0445C932C7B20700059D522 /* SecurityVerificationView.swift in Sources */,
				D0445C952C7B27930059D522 /* VerificationView.swift in Sources */,
				D0445B8C2C6ED3310059D522 /* AddAddressView.swift in Sources */,
				D0445B942C6ED3FF0059D522 /* GlobalTransferView.swift in Sources */,
				D0445BA22C6ED7880059D522 /* QRCodeScannerView.swift in Sources */,
				D017F4BF2CAC81DD00C71D18 /* WithdrawConfirmationView.swift in Sources */,
				D0445C9B2C7B485A0059D522 /* UserInfoView.swift in Sources */,
				D0445BAA2C6ED8D10059D522 /* WalletModels.swift in Sources */,
				D017F4B52CAA46ED00C71D18 /* HistoryDetailView.swift in Sources */,
				D0445B9A2C6ED6D60059D522 /* CurrencyListView.swift in Sources */,
				D0445B9C2C6ED7070059D522 /* SSLPinner.swift in Sources */,
				D017F4BD2CAB6E2100C71D18 /* GlobalVariables.swift in Sources */,
				D017F4B32CA9EC8900C71D18 /* AssetDetailView.swift in Sources */,
				D0445C992C7B46460059D522 /* String+Localizable.swift in Sources */,
				D0445B842C6ED27A0059D522 /* AccountView.swift in Sources */,
				D0445BA82C6ED86B0059D522 /* ExchangeView.swift in Sources */,
				D0445C912C7AF5B70059D522 /* ForgotPasswordView.swift in Sources */,
				D0445C8F2C7AC5920059D522 /* HelpView.swift in Sources */,
				D0445B522C6ED0150059D522 /* GSG_WalletApp.swift in Sources */,
				D017F4C52CACD07800C71D18 /* TRC20TransactionManager.swift in Sources */,
				D0445BA02C6ED7630059D522 /* LoginView.swift in Sources */,
				D0445BA62C6ED8300059D522 /* CardBindingView.swift in Sources */,
				D0445B802C6ED1920059D522 /* CardView.swift in Sources */,
			);
			runOnlyForDeploymentPostprocessing = 0;
		};
		D0445B5A2C6ED0170059D522 /* Sources */ = {
			isa = PBXSourcesBuildPhase;
			buildActionMask = 2147483647;
			files = (
				D0445B632C6ED0170059D522 /* GSG_WalletTests.swift in Sources */,
			);
			runOnlyForDeploymentPostprocessing = 0;
		};
		D0445B642C6ED0170059D522 /* Sources */ = {
			isa = PBXSourcesBuildPhase;
			buildActionMask = 2147483647;
			files = (
				D0445B6D2C6ED0170059D522 /* GSG_WalletUITests.swift in Sources */,
				D0445B6F2C6ED0170059D522 /* GSG_WalletUITestsLaunchTests.swift in Sources */,
			);
			runOnlyForDeploymentPostprocessing = 0;
		};
/* End PBXSourcesBuildPhase section */

/* Begin PBXTargetDependency section */
		D0445B602C6ED0170059D522 /* PBXTargetDependency */ = {
			isa = PBXTargetDependency;
			target = D0445B4D2C6ED0150059D522 /* GSG Wallet */;
			targetProxy = D0445B5F2C6ED0170059D522 /* PBXContainerItemProxy */;
		};
		D0445B6A2C6ED0170059D522 /* PBXTargetDependency */ = {
			isa = PBXTargetDependency;
			target = D0445B4D2C6ED0150059D522 /* GSG Wallet */;
			targetProxy = D0445B692C6ED0170059D522 /* PBXContainerItemProxy */;
		};
/* End PBXTargetDependency section */

/* Begin PBXVariantGroup section */
		D0445CB72C7B5BD40059D522 /* Localizable.strings */ = {
			isa = PBXVariantGroup;
			children = (
				D0445CB82C7B5BD40059D522 /* zh-Hant */,
				D0445CBA2C7B5BE90059D522 /* en */,
			);
			name = Localizable.strings;
			sourceTree = "<group>";
		};
/* End PBXVariantGroup section */

/* Begin XCBuildConfiguration section */
		D0445B702C6ED0170059D522 /* Debug */ = {
			isa = XCBuildConfiguration;
			buildSettings = {
				ALWAYS_SEARCH_USER_PATHS = NO;
				ASSETCATALOG_COMPILER_GENERATE_SWIFT_ASSET_SYMBOL_EXTENSIONS = YES;
				CLANG_ANALYZER_NONNULL = YES;
				CLANG_ANALYZER_NUMBER_OBJECT_CONVERSION = YES_AGGRESSIVE;
				CLANG_CXX_LANGUAGE_STANDARD = "gnu++20";
				CLANG_ENABLE_MODULES = YES;
				CLANG_ENABLE_OBJC_ARC = YES;
				CLANG_ENABLE_OBJC_WEAK = YES;
				CLANG_WARN_BLOCK_CAPTURE_AUTORELEASING = YES;
				CLANG_WARN_BOOL_CONVERSION = YES;
				CLANG_WARN_COMMA = YES;
				CLANG_WARN_CONSTANT_CONVERSION = YES;
				CLANG_WARN_DEPRECATED_OBJC_IMPLEMENTATIONS = YES;
				CLANG_WARN_DIRECT_OBJC_ISA_USAGE = YES_ERROR;
				CLANG_WARN_DOCUMENTATION_COMMENTS = YES;
				CLANG_WARN_EMPTY_BODY = YES;
				CLANG_WARN_ENUM_CONVERSION = YES;
				CLANG_WARN_INFINITE_RECURSION = YES;
				CLANG_WARN_INT_CONVERSION = YES;
				CLANG_WARN_NON_LITERAL_NULL_CONVERSION = YES;
				CLANG_WARN_OBJC_IMPLICIT_RETAIN_SELF = YES;
				CLANG_WARN_OBJC_LITERAL_CONVERSION = YES;
				CLANG_WARN_OBJC_ROOT_CLASS = YES_ERROR;
				CLANG_WARN_QUOTED_INCLUDE_IN_FRAMEWORK_HEADER = YES;
				CLANG_WARN_RANGE_LOOP_ANALYSIS = YES;
				CLANG_WARN_STRICT_PROTOTYPES = YES;
				CLANG_WARN_SUSPICIOUS_MOVE = YES;
				CLANG_WARN_UNGUARDED_AVAILABILITY = YES_AGGRESSIVE;
				CLANG_WARN_UNREACHABLE_CODE = YES;
				CLANG_WARN__DUPLICATE_METHOD_MATCH = YES;
				COPY_PHASE_STRIP = NO;
				DEBUG_INFORMATION_FORMAT = dwarf;
				ENABLE_STRICT_OBJC_MSGSEND = YES;
				ENABLE_TESTABILITY = YES;
				ENABLE_USER_SCRIPT_SANDBOXING = YES;
				GCC_C_LANGUAGE_STANDARD = gnu17;
				GCC_DYNAMIC_NO_PIC = NO;
				GCC_NO_COMMON_BLOCKS = YES;
				GCC_OPTIMIZATION_LEVEL = 0;
				GCC_PREPROCESSOR_DEFINITIONS = (
					"DEBUG=1",
					"$(inherited)",
				);
				GCC_WARN_64_TO_32_BIT_CONVERSION = YES;
				GCC_WARN_ABOUT_RETURN_TYPE = YES_ERROR;
				GCC_WARN_UNDECLARED_SELECTOR = YES;
				GCC_WARN_UNINITIALIZED_AUTOS = YES_AGGRESSIVE;
				GCC_WARN_UNUSED_FUNCTION = YES;
				GCC_WARN_UNUSED_VARIABLE = YES;
				IPHONEOS_DEPLOYMENT_TARGET = 17.2;
				LOCALIZATION_PREFERS_STRING_CATALOGS = YES;
				MTL_ENABLE_DEBUG_INFO = INCLUDE_SOURCE;
				MTL_FAST_MATH = YES;
				ONLY_ACTIVE_ARCH = YES;
				SDKROOT = iphoneos;
				SWIFT_ACTIVE_COMPILATION_CONDITIONS = "DEBUG $(inherited)";
				SWIFT_OPTIMIZATION_LEVEL = "-Onone";
			};
			name = Debug;
		};
		D0445B712C6ED0170059D522 /* Release */ = {
			isa = XCBuildConfiguration;
			buildSettings = {
				ALWAYS_SEARCH_USER_PATHS = NO;
				ASSETCATALOG_COMPILER_GENERATE_SWIFT_ASSET_SYMBOL_EXTENSIONS = YES;
				CLANG_ANALYZER_NONNULL = YES;
				CLANG_ANALYZER_NUMBER_OBJECT_CONVERSION = YES_AGGRESSIVE;
				CLANG_CXX_LANGUAGE_STANDARD = "gnu++20";
				CLANG_ENABLE_MODULES = YES;
				CLANG_ENABLE_OBJC_ARC = YES;
				CLANG_ENABLE_OBJC_WEAK = YES;
				CLANG_WARN_BLOCK_CAPTURE_AUTORELEASING = YES;
				CLANG_WARN_BOOL_CONVERSION = YES;
				CLANG_WARN_COMMA = YES;
				CLANG_WARN_CONSTANT_CONVERSION = YES;
				CLANG_WARN_DEPRECATED_OBJC_IMPLEMENTATIONS = YES;
				CLANG_WARN_DIRECT_OBJC_ISA_USAGE = YES_ERROR;
				CLANG_WARN_DOCUMENTATION_COMMENTS = YES;
				CLANG_WARN_EMPTY_BODY = YES;
				CLANG_WARN_ENUM_CONVERSION = YES;
				CLANG_WARN_INFINITE_RECURSION = YES;
				CLANG_WARN_INT_CONVERSION = YES;
				CLANG_WARN_NON_LITERAL_NULL_CONVERSION = YES;
				CLANG_WARN_OBJC_IMPLICIT_RETAIN_SELF = YES;
				CLANG_WARN_OBJC_LITERAL_CONVERSION = YES;
				CLANG_WARN_OBJC_ROOT_CLASS = YES_ERROR;
				CLANG_WARN_QUOTED_INCLUDE_IN_FRAMEWORK_HEADER = YES;
				CLANG_WARN_RANGE_LOOP_ANALYSIS = YES;
				CLANG_WARN_STRICT_PROTOTYPES = YES;
				CLANG_WARN_SUSPICIOUS_MOVE = YES;
				CLANG_WARN_UNGUARDED_AVAILABILITY = YES_AGGRESSIVE;
				CLANG_WARN_UNREACHABLE_CODE = YES;
				CLANG_WARN__DUPLICATE_METHOD_MATCH = YES;
				COPY_PHASE_STRIP = NO;
				DEBUG_INFORMATION_FORMAT = "dwarf-with-dsym";
				ENABLE_NS_ASSERTIONS = NO;
				ENABLE_STRICT_OBJC_MSGSEND = YES;
				ENABLE_USER_SCRIPT_SANDBOXING = YES;
				GCC_C_LANGUAGE_STANDARD = gnu17;
				GCC_NO_COMMON_BLOCKS = YES;
				GCC_WARN_64_TO_32_BIT_CONVERSION = YES;
				GCC_WARN_ABOUT_RETURN_TYPE = YES_ERROR;
				GCC_WARN_UNDECLARED_SELECTOR = YES;
				GCC_WARN_UNINITIALIZED_AUTOS = YES_AGGRESSIVE;
				GCC_WARN_UNUSED_FUNCTION = YES;
				GCC_WARN_UNUSED_VARIABLE = YES;
				IPHONEOS_DEPLOYMENT_TARGET = 17.2;
				LOCALIZATION_PREFERS_STRING_CATALOGS = YES;
				MTL_ENABLE_DEBUG_INFO = NO;
				MTL_FAST_MATH = YES;
				SDKROOT = iphoneos;
				SWIFT_COMPILATION_MODE = wholemodule;
				VALIDATE_PRODUCT = YES;
			};
			name = Release;
		};
		D0445B732C6ED0170059D522 /* Debug */ = {
			isa = XCBuildConfiguration;
			buildSettings = {
				ASSETCATALOG_COMPILER_APPICON_NAME = AppIcon;
				ASSETCATALOG_COMPILER_GLOBAL_ACCENT_COLOR_NAME = AccentColor;
				CODE_SIGN_STYLE = Automatic;
				CURRENT_PROJECT_VERSION = 1;
				DEVELOPMENT_ASSET_PATHS = "\"GSG Wallet/Preview Content\"";
				DEVELOPMENT_TEAM = 5YGLWU7828;
				ENABLE_PREVIEWS = YES;
				GENERATE_INFOPLIST_FILE = YES;
				INFOPLIST_FILE = "GSG-Wallet-Info.plist";
				INFOPLIST_KEY_NSCameraUsageDescription = "此應用需要訪問相機以拍攝照片。";
				INFOPLIST_KEY_NSPhotoLibraryUsageDescription = "此應用需要訪問相簿以選擇照片。";
				INFOPLIST_KEY_UIApplicationSceneManifest_Generation = YES;
				INFOPLIST_KEY_UIApplicationSupportsIndirectInputEvents = YES;
				INFOPLIST_KEY_UILaunchScreen_Generation = YES;
				INFOPLIST_KEY_UISupportedInterfaceOrientations_iPad = "UIInterfaceOrientationPortrait UIInterfaceOrientationPortraitUpsideDown UIInterfaceOrientationLandscapeLeft UIInterfaceOrientationLandscapeRight";
				INFOPLIST_KEY_UISupportedInterfaceOrientations_iPhone = "UIInterfaceOrientationPortrait UIInterfaceOrientationLandscapeLeft UIInterfaceOrientationLandscapeRight";
				LD_RUNPATH_SEARCH_PATHS = (
					"$(inherited)",
					"@executable_path/Frameworks",
				);
				MARKETING_VERSION = 1.0;
				PRODUCT_BUNDLE_IDENTIFIER = "stevenstudio.GSG-Wallet";
				PRODUCT_NAME = "$(TARGET_NAME)";
				SWIFT_EMIT_LOC_STRINGS = YES;
				SWIFT_VERSION = 5.0;
				TARGETED_DEVICE_FAMILY = "1,2";
			};
			name = Debug;
		};
		D0445B742C6ED0170059D522 /* Release */ = {
			isa = XCBuildConfiguration;
			buildSettings = {
				ASSETCATALOG_COMPILER_APPICON_NAME = AppIcon;
				ASSETCATALOG_COMPILER_GLOBAL_ACCENT_COLOR_NAME = AccentColor;
				CODE_SIGN_STYLE = Automatic;
				CURRENT_PROJECT_VERSION = 1;
				DEVELOPMENT_ASSET_PATHS = "\"GSG Wallet/Preview Content\"";
				DEVELOPMENT_TEAM = 5YGLWU7828;
				ENABLE_PREVIEWS = YES;
				GENERATE_INFOPLIST_FILE = YES;
				INFOPLIST_FILE = "GSG-Wallet-Info.plist";
				INFOPLIST_KEY_NSCameraUsageDescription = "此應用需要訪問相機以拍攝照片。";
				INFOPLIST_KEY_NSPhotoLibraryUsageDescription = "此應用需要訪問相簿以選擇照片。";
				INFOPLIST_KEY_UIApplicationSceneManifest_Generation = YES;
				INFOPLIST_KEY_UIApplicationSupportsIndirectInputEvents = YES;
				INFOPLIST_KEY_UILaunchScreen_Generation = YES;
				INFOPLIST_KEY_UISupportedInterfaceOrientations_iPad = "UIInterfaceOrientationPortrait UIInterfaceOrientationPortraitUpsideDown UIInterfaceOrientationLandscapeLeft UIInterfaceOrientationLandscapeRight";
				INFOPLIST_KEY_UISupportedInterfaceOrientations_iPhone = "UIInterfaceOrientationPortrait UIInterfaceOrientationLandscapeLeft UIInterfaceOrientationLandscapeRight";
				LD_RUNPATH_SEARCH_PATHS = (
					"$(inherited)",
					"@executable_path/Frameworks",
				);
				MARKETING_VERSION = 1.0;
				PRODUCT_BUNDLE_IDENTIFIER = "stevenstudio.GSG-Wallet";
				PRODUCT_NAME = "$(TARGET_NAME)";
				SWIFT_EMIT_LOC_STRINGS = YES;
				SWIFT_VERSION = 5.0;
				TARGETED_DEVICE_FAMILY = "1,2";
			};
			name = Release;
		};
		D0445B762C6ED0170059D522 /* Debug */ = {
			isa = XCBuildConfiguration;
			buildSettings = {
				ALWAYS_EMBED_SWIFT_STANDARD_LIBRARIES = YES;
				BUNDLE_LOADER = "$(TEST_HOST)";
				CODE_SIGN_STYLE = Automatic;
				CURRENT_PROJECT_VERSION = 1;
				DEVELOPMENT_TEAM = 5YGLWU7828;
				GENERATE_INFOPLIST_FILE = YES;
				IPHONEOS_DEPLOYMENT_TARGET = 17.2;
				MARKETING_VERSION = 1.0;
				PRODUCT_BUNDLE_IDENTIFIER = "stevenstudio.GSG-WalletTests";
				PRODUCT_NAME = "$(TARGET_NAME)";
				SWIFT_EMIT_LOC_STRINGS = NO;
				SWIFT_VERSION = 5.0;
				TARGETED_DEVICE_FAMILY = "1,2";
				TEST_HOST = "$(BUILT_PRODUCTS_DIR)/GSG Wallet.app/$(BUNDLE_EXECUTABLE_FOLDER_PATH)/GSG Wallet";
			};
			name = Debug;
		};
		D0445B772C6ED0170059D522 /* Release */ = {
			isa = XCBuildConfiguration;
			buildSettings = {
				ALWAYS_EMBED_SWIFT_STANDARD_LIBRARIES = YES;
				BUNDLE_LOADER = "$(TEST_HOST)";
				CODE_SIGN_STYLE = Automatic;
				CURRENT_PROJECT_VERSION = 1;
				DEVELOPMENT_TEAM = 5YGLWU7828;
				GENERATE_INFOPLIST_FILE = YES;
				IPHONEOS_DEPLOYMENT_TARGET = 17.2;
				MARKETING_VERSION = 1.0;
				PRODUCT_BUNDLE_IDENTIFIER = "stevenstudio.GSG-WalletTests";
				PRODUCT_NAME = "$(TARGET_NAME)";
				SWIFT_EMIT_LOC_STRINGS = NO;
				SWIFT_VERSION = 5.0;
				TARGETED_DEVICE_FAMILY = "1,2";
				TEST_HOST = "$(BUILT_PRODUCTS_DIR)/GSG Wallet.app/$(BUNDLE_EXECUTABLE_FOLDER_PATH)/GSG Wallet";
			};
			name = Release;
		};
		D0445B792C6ED0170059D522 /* Debug */ = {
			isa = XCBuildConfiguration;
			buildSettings = {
				ALWAYS_EMBED_SWIFT_STANDARD_LIBRARIES = YES;
				CODE_SIGN_STYLE = Automatic;
				CURRENT_PROJECT_VERSION = 1;
				DEVELOPMENT_TEAM = 5YGLWU7828;
				GENERATE_INFOPLIST_FILE = YES;
				MARKETING_VERSION = 1.0;
				PRODUCT_BUNDLE_IDENTIFIER = "stevenstudio.GSG-WalletUITests";
				PRODUCT_NAME = "$(TARGET_NAME)";
				SWIFT_EMIT_LOC_STRINGS = NO;
				SWIFT_VERSION = 5.0;
				TARGETED_DEVICE_FAMILY = "1,2";
				TEST_TARGET_NAME = "GSG Wallet";
			};
			name = Debug;
		};
		D0445B7A2C6ED0170059D522 /* Release */ = {
			isa = XCBuildConfiguration;
			buildSettings = {
				ALWAYS_EMBED_SWIFT_STANDARD_LIBRARIES = YES;
				CODE_SIGN_STYLE = Automatic;
				CURRENT_PROJECT_VERSION = 1;
				DEVELOPMENT_TEAM = 5YGLWU7828;
				GENERATE_INFOPLIST_FILE = YES;
				MARKETING_VERSION = 1.0;
				PRODUCT_BUNDLE_IDENTIFIER = "stevenstudio.GSG-WalletUITests";
				PRODUCT_NAME = "$(TARGET_NAME)";
				SWIFT_EMIT_LOC_STRINGS = NO;
				SWIFT_VERSION = 5.0;
				TARGETED_DEVICE_FAMILY = "1,2";
				TEST_TARGET_NAME = "GSG Wallet";
			};
			name = Release;
		};
/* End XCBuildConfiguration section */

/* Begin XCConfigurationList section */
		D0445B492C6ED0150059D522 /* Build configuration list for PBXProject "GSG Wallet" */ = {
			isa = XCConfigurationList;
			buildConfigurations = (
				D0445B702C6ED0170059D522 /* Debug */,
				D0445B712C6ED0170059D522 /* Release */,
			);
			defaultConfigurationIsVisible = 0;
			defaultConfigurationName = Release;
		};
		D0445B722C6ED0170059D522 /* Build configuration list for PBXNativeTarget "GSG Wallet" */ = {
			isa = XCConfigurationList;
			buildConfigurations = (
				D0445B732C6ED0170059D522 /* Debug */,
				D0445B742C6ED0170059D522 /* Release */,
			);
			defaultConfigurationIsVisible = 0;
			defaultConfigurationName = Release;
		};
		D0445B752C6ED0170059D522 /* Build configuration list for PBXNativeTarget "GSG WalletTests" */ = {
			isa = XCConfigurationList;
			buildConfigurations = (
				D0445B762C6ED0170059D522 /* Debug */,
				D0445B772C6ED0170059D522 /* Release */,
			);
			defaultConfigurationIsVisible = 0;
			defaultConfigurationName = Release;
		};
		D0445B782C6ED0170059D522 /* Build configuration list for PBXNativeTarget "GSG WalletUITests" */ = {
			isa = XCConfigurationList;
			buildConfigurations = (
				D0445B792C6ED0170059D522 /* Debug */,
				D0445B7A2C6ED0170059D522 /* Release */,
			);
			defaultConfigurationIsVisible = 0;
			defaultConfigurationName = Release;
		};
/* End XCConfigurationList section */

/* Begin XCRemoteSwiftPackageReference section */
		D055E9952C914A1700A97DD1 /* XCRemoteSwiftPackageReference "Web3" */ = {
			isa = XCRemoteSwiftPackageReference;
			repositoryURL = "https://github.com/Boilertalk/Web3.swift";
			requirement = {
				kind = upToNextMajorVersion;
				minimumVersion = 0.8.8;
			};
		};
/* End XCRemoteSwiftPackageReference section */

/* Begin XCSwiftPackageProductDependency section */
		D055E9962C914A1700A97DD1 /* Web3 */ = {
			isa = XCSwiftPackageProductDependency;
			package = D055E9952C914A1700A97DD1 /* XCRemoteSwiftPackageReference "Web3" */;
			productName = Web3;
		};
		D055E9982C914A1700A97DD1 /* Web3ContractABI */ = {
			isa = XCSwiftPackageProductDependency;
			package = D055E9952C914A1700A97DD1 /* XCRemoteSwiftPackageReference "Web3" */;
			productName = Web3ContractABI;
		};
		D055E99A2C914A1700A97DD1 /* Web3PromiseKit */ = {
			isa = XCSwiftPackageProductDependency;
			package = D055E9952C914A1700A97DD1 /* XCRemoteSwiftPackageReference "Web3" */;
			productName = Web3PromiseKit;
		};
/* End XCSwiftPackageProductDependency section */
	};
	rootObject = D0445B462C6ED0150059D522 /* Project object */;
}
